<?xml version="1.0" encoding="UTF-8"?>
<CodeBlocks_project_file>
	<FileVersion major="1" minor="6"/>
	<Project>
		<Option title="Chippu_8u"/>
		<Option makefile_is_custom="1"/>
		<Option compiler="gcc"/>
		<Option virtualFolders="CMake Files\;"/>
		<Build>
			<Target title="all">
				<Option working_dir="/home/xelarse/Documents/Repos/Chippu-8u/Chippu-8u-Release"/>
				<Option type="4"/>
				<MakeCommands>
					<Build command="/usr/bin/make -j16 -f &quot;/home/xelarse/Documents/Repos/Chippu-8u/Chippu-8u-Release/Makefile&quot;  VERBOSE=1 all"/>
					<CompileFile command="/usr/bin/make -j16 -f &quot;/home/xelarse/Documents/Repos/Chippu-8u/Chippu-8u-Release/Makefile&quot;  VERBOSE=1 &quot;$file&quot;"/>
					<Clean command="/usr/bin/make -j16 -f &quot;/home/xelarse/Documents/Repos/Chippu-8u/Chippu-8u-Release/Makefile&quot;  VERBOSE=1 clean"/>
					<DistClean command="/usr/bin/make -j16 -f &quot;/home/xelarse/Documents/Repos/Chippu-8u/Chippu-8u-Release/Makefile&quot;  VERBOSE=1 clean"/>
				</MakeCommands>
			</Target>
			<Target title="rebuild_cache">
				<Option working_dir="/home/xelarse/Documents/Repos/Chippu-8u/Chippu-8u-Release"/>
				<Option type="4"/>
				<MakeCommands>
					<Build command="/usr/bin/make -j16 -f &quot;/home/xelarse/Documents/Repos/Chippu-8u/Chippu-8u-Release/Makefile&quot;  VERBOSE=1 rebuild_cache"/>
					<CompileFile command="/usr/bin/make -j16 -f &quot;/home/xelarse/Documents/Repos/Chippu-8u/Chippu-8u-Release/Makefile&quot;  VERBOSE=1 &quot;$file&quot;"/>
					<Clean command="/usr/bin/make -j16 -f &quot;/home/xelarse/Documents/Repos/Chippu-8u/Chippu-8u-Release/Makefile&quot;  VERBOSE=1 clean"/>
					<DistClean command="/usr/bin/make -j16 -f &quot;/home/xelarse/Documents/Repos/Chippu-8u/Chippu-8u-Release/Makefile&quot;  VERBOSE=1 clean"/>
				</MakeCommands>
			</Target>
			<Target title="edit_cache">
				<Option working_dir="/home/xelarse/Documents/Repos/Chippu-8u/Chippu-8u-Release"/>
				<Option type="4"/>
				<MakeCommands>
					<Build command="/usr/bin/make -j16 -f &quot;/home/xelarse/Documents/Repos/Chippu-8u/Chippu-8u-Release/Makefile&quot;  VERBOSE=1 edit_cache"/>
					<CompileFile command="/usr/bin/make -j16 -f &quot;/home/xelarse/Documents/Repos/Chippu-8u/Chippu-8u-Release/Makefile&quot;  VERBOSE=1 &quot;$file&quot;"/>
					<Clean command="/usr/bin/make -j16 -f &quot;/home/xelarse/Documents/Repos/Chippu-8u/Chippu-8u-Release/Makefile&quot;  VERBOSE=1 clean"/>
					<DistClean command="/usr/bin/make -j16 -f &quot;/home/xelarse/Documents/Repos/Chippu-8u/Chippu-8u-Release/Makefile&quot;  VERBOSE=1 clean"/>
				</MakeCommands>
			</Target>
			<Target title="Chippu_8u">
				<Option output="/home/xelarse/Documents/Repos/Chippu-8u/Chippu-8u-Release/Chippu_8u" prefix_auto="0" extension_auto="0"/>
				<Option working_dir="/home/xelarse/Documents/Repos/Chippu-8u/Chippu-8u-Release"/>
				<Option object_output="./"/>
				<Option type="1"/>
				<Option compiler="gcc"/>
				<Compiler>
					<Add directory="/home/xelarse/Documents/Repos/Chippu-8u/includes"/>
					<Add directory="/usr/include/c++/9"/>
					<Add directory="/usr/include/x86_64-linux-gnu/c++/9"/>
					<Add directory="/usr/include/c++/9/backward"/>
					<Add directory="/usr/lib/gcc/x86_64-linux-gnu/9/include"/>
					<Add directory="/usr/local/include"/>
					<Add directory="/usr/include/x86_64-linux-gnu"/>
					<Add directory="/usr/include"/>
				</Compiler>
				<MakeCommands>
					<Build command="/usr/bin/make -j16 -f &quot;/home/xelarse/Documents/Repos/Chippu-8u/Chippu-8u-Release/Makefile&quot;  VERBOSE=1 Chippu_8u"/>
					<CompileFile command="/usr/bin/make -j16 -f &quot;/home/xelarse/Documents/Repos/Chippu-8u/Chippu-8u-Release/Makefile&quot;  VERBOSE=1 &quot;$file&quot;"/>
					<Clean command="/usr/bin/make -j16 -f &quot;/home/xelarse/Documents/Repos/Chippu-8u/Chippu-8u-Release/Makefile&quot;  VERBOSE=1 clean"/>
					<DistClean command="/usr/bin/make -j16 -f &quot;/home/xelarse/Documents/Repos/Chippu-8u/Chippu-8u-Release/Makefile&quot;  VERBOSE=1 clean"/>
				</MakeCommands>
			</Target>
			<Target title="Chippu_8u/fast">
				<Option output="/home/xelarse/Documents/Repos/Chippu-8u/Chippu-8u-Release/Chippu_8u" prefix_auto="0" extension_auto="0"/>
				<Option working_dir="/home/xelarse/Documents/Repos/Chippu-8u/Chippu-8u-Release"/>
				<Option object_output="./"/>
				<Option type="1"/>
				<Option compiler="gcc"/>
				<Compiler>
					<Add directory="/home/xelarse/Documents/Repos/Chippu-8u/includes"/>
					<Add directory="/usr/include/c++/9"/>
					<Add directory="/usr/include/x86_64-linux-gnu/c++/9"/>
					<Add directory="/usr/include/c++/9/backward"/>
					<Add directory="/usr/lib/gcc/x86_64-linux-gnu/9/include"/>
					<Add directory="/usr/local/include"/>
					<Add directory="/usr/include/x86_64-linux-gnu"/>
					<Add directory="/usr/include"/>
				</Compiler>
				<MakeCommands>
					<Build command="/usr/bin/make -j16 -f &quot;/home/xelarse/Documents/Repos/Chippu-8u/Chippu-8u-Release/Makefile&quot;  VERBOSE=1 Chippu_8u/fast"/>
					<CompileFile command="/usr/bin/make -j16 -f &quot;/home/xelarse/Documents/Repos/Chippu-8u/Chippu-8u-Release/Makefile&quot;  VERBOSE=1 &quot;$file&quot;"/>
					<Clean command="/usr/bin/make -j16 -f &quot;/home/xelarse/Documents/Repos/Chippu-8u/Chippu-8u-Release/Makefile&quot;  VERBOSE=1 clean"/>
					<DistClean command="/usr/bin/make -j16 -f &quot;/home/xelarse/Documents/Repos/Chippu-8u/Chippu-8u-Release/Makefile&quot;  VERBOSE=1 clean"/>
				</MakeCommands>
			</Target>
		</Build>
		<Unit filename="/home/xelarse/Documents/Repos/Chippu-8u/includes/ChipCPU.hpp">
			<Option target="Chippu_8u"/>
		</Unit>
		<Unit filename="/home/xelarse/Documents/Repos/Chippu-8u/includes/Gfx.hpp">
			<Option target="Chippu_8u"/>
		</Unit>
		<Unit filename="/home/xelarse/Documents/Repos/Chippu-8u/includes/Input.hpp">
			<Option target="Chippu_8u"/>
		</Unit>
		<Unit filename="/home/xelarse/Documents/Repos/Chippu-8u/main.cpp">
			<Option target="Chippu_8u"/>
		</Unit>
		<Unit filename="/home/xelarse/Documents/Repos/Chippu-8u/source/ChipCPU.cpp">
			<Option target="Chippu_8u"/>
		</Unit>
		<Unit filename="/home/xelarse/Documents/Repos/Chippu-8u/source/Gfx.cpp">
			<Option target="Chippu_8u"/>
		</Unit>
		<Unit filename="/home/xelarse/Documents/Repos/Chippu-8u/source/Input.cpp">
			<Option target="Chippu_8u"/>
		</Unit>
		<Unit filename="/home/xelarse/Documents/Repos/Chippu-8u/CMakeLists.txt">
			<Option virtualFolder="CMake Files\"/>
		</Unit>
	</Project>
</CodeBlocks_project_file>
